// !$*UTF8*$!
{
	archiveVersion = 1;
	classes = {
	};
	objectVersion = 46;
	objects = {

/* Begin PBXBuildFile section */
		5240E88D1E0D113400938A0A /* AppDelegate.swift in Sources */ = {isa = PBXBuildFile; fileRef = 5240E88C1E0D113400938A0A /* AppDelegate.swift */; };
		5240E88F1E0D113400938A0A /* ViewController.swift in Sources */ = {isa = PBXBuildFile; fileRef = 5240E88E1E0D113400938A0A /* ViewController.swift */; };
		5240E8921E0D113400938A0A /* Main.storyboard in Resources */ = {isa = PBXBuildFile; fileRef = 5240E8901E0D113400938A0A /* Main.storyboard */; };
		5240E8941E0D113400938A0A /* Assets.xcassets in Resources */ = {isa = PBXBuildFile; fileRef = 5240E8931E0D113400938A0A /* Assets.xcassets */; };
		5240E8971E0D113400938A0A /* LaunchScreen.storyboard in Resources */ = {isa = PBXBuildFile; fileRef = 5240E8951E0D113400938A0A /* LaunchScreen.storyboard */; };
/* End PBXBuildFile section */

/* Begin PBXFileReference section */
		5240E8891E0D113400938A0A /* HellowWorld.app */ = {isa = PBXFileReference; explicitFileType = wrapper.application; includeInIndex = 0; path = HellowWorld.app; sourceTree = BUILT_PRODUCTS_DIR; };
		5240E88C1E0D113400938A0A /* AppDelegate.swift */ = {isa = PBXFileReference; lastKnownFileType = sourcecode.swift; path = AppDelegate.swift; sourceTree = "<group>"; };
		5240E88E1E0D113400938A0A /* ViewController.swift */ = {isa = PBXFileReference; lastKnownFileType = sourcecode.swift; path = ViewController.swift; sourceTree = "<group>"; };
		5240E8911E0D113400938A0A /* Base */ = {isa = PBXFileReference; lastKnownFileType = file.storyboard; name = Base; path = Base.lproj/Main.storyboard; sourceTree = "<group>"; };
		5240E8931E0D113400938A0A /* Assets.xcassets */ = {isa = PBXFileReference; lastKnownFileType = folder.assetcatalog; path = Assets.xcassets; sourceTree = "<group>"; };
		5240E8961E0D113400938A0A /* Base */ = {isa = PBXFileReference; lastKnownFileType = file.storyboard; name = Base; path = Base.lproj/LaunchScreen.storyboard; sourceTree = "<group>"; };
		5240E8981E0D113400938A0A /* Info.plist */ = {isa = PBXFileReference; lastKnownFileType = text.plist.xml; path = Info.plist; sourceTree = "<group>"; };
/* End PBXFileReference section */

/* Begin PBXFrameworksBuildPhase section */
		5240E8861E0D113400938A0A /* Frameworks */ = {
			isa = PBXFrameworksBuildPhase;
			buildActionMask = 2147483647;
			files = (
			);
			runOnlyForDeploymentPostprocessing = 0;
		};
/* End PBXFrameworksBuildPhase section */

/* Begin PBXGroup section */
		5240E8801E0D113400938A0A = {
			isa = PBXGroup;
			children = (
				5240E88B1E0D113400938A0A /* HellowWorld */,
				5240E88A1E0D113400938A0A /* Products */,
			);
			sourceTree = "<group>";
		};
		5240E88A1E0D113400938A0A /* Products */ = {
			isa = PBXGroup;
			children = (
				5240E8891E0D113400938A0A /* HellowWorld.app */,
			);
			name = Products;
			sourceTree = "<group>";
		};
		5240E88B1E0D113400938A0A /* HellowWorld */ = {
			isa = PBXGroup;
			children = (
				5240E88C1E0D113400938A0A /* AppDelegate.swift */,
				5240E88E1E0D113400938A0A /* ViewController.swift */,
				5240E8901E0D113400938A0A /* Main.storyboard */,
				5240E8931E0D113400938A0A /* Assets.xcassets */,
				5240E8951E0D113400938A0A /* LaunchScreen.storyboard */,
				5240E8981E0D113400938A0A /* Info.plist */,
			);
			path = HellowWorld;
			sourceTree = "<group>";
		};
/* End PBXGroup section */

/* Begin PBXNativeTarget section */
		5240E8881E0D113400938A0A /* HellowWorld */ = {
			isa = PBXNativeTarget;
			buildConfigurationList = 5240E89B1E0D113400938A0A /* Build configuration list for PBXNativeTarget "HellowWorld" */;
			buildPhases = (
				5240E8851E0D113400938A0A /* Sources */,
				5240E8861E0D113400938A0A /* Frameworks */,
				5240E8871E0D113400938A0A /* Resources */,
			);
			buildRules = (
			);
			dependencies = (
			);
			name = HellowWorld;
			productName = HellowWorld;
			productReference = 5240E8891E0D113400938A0A /* HellowWorld.app */;
			productType = "com.apple.product-type.application";
		};
/* End PBXNativeTarget section */

/* Begin PBXProject section */
		5240E8811E0D113400938A0A /* Project object */ = {
			isa = PBXProject;
			attributes = {
				LastUpgradeCheck = 0700;
				ORGANIZATIONNAME = takaaki.tanaka;
				TargetAttributes = {
					5240E8881E0D113400938A0A = {
						CreatedOnToolsVersion = 7.0.1;
					};
				};
			};
			buildConfigurationList = 5240E8841E0D113400938A0A /* Build configuration list for PBXProject "HellowWorld" */;
			compatibilityVersion = "Xcode 3.2";
			developmentRegion = English;
			hasScannedForEncodings = 0;
			knownRegions = (
				en,
				Base,
			);
			mainGroup = 5240E8801E0D113400938A0A;
			productRefGroup = 5240E88A1E0D113400938A0A /* Products */;
			projectDirPath = "";
			projectRoot = "";
			targets = (
				5240E8881E0D113400938A0A /* HellowWorld */,
			);
		};
/* End PBXProject section */

/* Begin PBXResourcesBuildPhase section */
		5240E8871E0D113400938A0A /* Resources */ = {
			isa = PBXResourcesBuildPhase;
			buildActionMask = 2147483647;
			files = (
				5240E8971E0D113400938A0A /* LaunchScreen.storyboard in Resources */,
				5240E8941E0D113400938A0A /* Assets.xcassets in Resources */,
				5240E8921E0D113400938A0A /* Main.storyboard in Resources */,
			);
			runOnlyForDeploymentPostprocessing = 0;
		};
/* End PBXResourcesBuildPhase section */

/* Begin PBXSourcesBuildPhase section */
		5240E8851E0D113400938A0A /* Sources */ = {
			isa = PBXSourcesBuildPhase;
			buildActionMask = 2147483647;
			files = (
				5240E88F1E0D113400938A0A /* ViewController.swift in Sources */,
				5240E88D1E0D113400938A0A /* AppDelegate.swift in Sources */,
			);
			runOnlyForDeploymentPostprocessing = 0;
		};
/* End PBXSourcesBuildPhase section */

/* Begin PBXVariantGroup section */
		5240E8901E0D113400938A0A /* Main.storyboard */ = {
			isa = PBXVariantGroup;
			children = (
				5240E8911E0D113400938A0A /* Base */,
			);
			name = Main.storyboard;
			sourceTree = "<group>";
		};
		5240E8951E0D113400938A0A /* LaunchScreen.storyboard */ = {
			isa = PBXVariantGroup;
			children = (
				5240E8961E0D113400938A0A /* Base */,
			);
			name = LaunchScreen.storyboard;
			sourceTree = "<group>";
		};
/* End PBXVariantGroup section */

/* Begin XCBuildConfiguration section */
		5240E8991E0D113400938A0A /* Debug */ = {
			isa = XCBuildConfiguration;
			buildSettings = {
				ALWAYS_SEARCH_USER_PATHS = NO;
				CLANG_CXX_LANGUAGE_STANDARD = "gnu++0x";
				CLANG_CXX_LIBRARY = "libc++";
				CLANG_ENABLE_MODULES = YES;
				CLANG_ENABLE_OBJC_ARC = YES;
				CLANG_WARN_BOOL_CONVERSION = YES;
				CLANG_WARN_CONSTANT_CONVERSION = YES;
				CLANG_WARN_DIRECT_OBJC_ISA_USAGE = YES_ERROR;
				CLANG_WARN_EMPTY_BODY = YES;
				CLANG_WARN_ENUM_CONVERSION = YES;
				CLANG_WARN_INT_CONVERSION = YES;
				CLANG_WARN_OBJC_ROOT_CLASS = YES_ERROR;
				CLANG_WARN_UNREACHABLE_CODE = YES;
				CLANG_WARN__DUPLICATE_METHOD_MATCH = YES;
				"CODE_SIGN_IDENTITY[sdk=iphoneos*]" = "iPhone Developer";
				COPY_PHASE_STRIP = NO;
				DEBUG_INFORMATION_FORMAT = dwarf;
				ENABLE_STRICT_OBJC_MSGSEND = YES;
				ENABLE_TESTABILITY = YES;
				GCC_C_LANGUAGE_STANDARD = gnu99;
				GCC_DYNAMIC_NO_PIC = NO;
				GCC_NO_COMMON_BLOCKS = YES;
				GCC_OPTIMIZATION_LEVEL = 0;
				GCC_PREPROCESSOR_DEFINITIONS = (
					"DEBUG=1",
					"$(inherited)",
				);
				GCC_WARN_64_TO_32_BIT_CONVERSION = YES;
				GCC_WARN_ABOUT_RETURN_TYPE = YES_ERROR;
				GCC_WARN_UNDECLARED_SELECTOR = YES;
				GCC_WARN_UNINITIALIZED_AUTOS = YES_AGGRESSIVE;
				GCC_WARN_UNUSED_FUNCTION = YES;
				GCC_WARN_UNUSED_VARIABLE = YES;
				IPHONEOS_DEPLOYMENT_TARGET = 9.0;
				MTL_ENABLE_DEBUG_INFO = YES;
				ONLY_ACTIVE_ARCH = YES;
				SDKROOT = iphoneos;
				SWIFT_OPTIMIZATION_LEVEL = "-Onone";
			};
			name = Debug;
		};
		5240E89A1E0D113400938A0A /* Release */ = {
			isa = XCBuildConfiguration;
			buildSettings = {
				ALWAYS_SEARCH_USER_PATHS = NO;
				CLANG_CXX_LANGUAGE_STANDARD = "gnu++0x";
				CLANG_CXX_LIBRARY = "libc++";
				CLANG_ENABLE_MODULES = YES;
				CLANG_ENABLE_OBJC_ARC = YES;
				CLANG_WARN_BOOL_CONVERSION = YES;
				CLANG_WARN_CONSTANT_CONVERSION = YES;
				CLANG_WARN_DIRECT_OBJC_ISA_USAGE = YES_ERROR;
				CLANG_WARN_EMPTY_BODY = YES;
				CLANG_WARN_ENUM_CONVERSION = YES;
				CLANG_WARN_INT_CONVERSION = YES;
				CLANG_WARN_OBJC_ROOT_CLASS = YES_ERROR;
				CLANG_WARN_UNREACHABLE_CODE = YES;
				CLANG_WARN__DUPLICATE_METHOD_MATCH = YES;
				"CODE_SIGN_IDENTITY[sdk=iphoneos*]" = "iPhone Developer";
				COPY_PHASE_STRIP = NO;
				DEBUG_INFORMATION_FORMAT = "dwarf-with-dsym";
				ENABLE_NS_ASSERTIONS = NO;
				ENABLE_STRICT_OBJC_MSGSEND = YES;
				GCC_C_LANGUAGE_STANDARD = gnu99;
				GCC_NO_COMMON_BLOCKS = YES;
				GCC_WARN_64_TO_32_BIT_CONVERSION = YES;
				GCC_WARN_ABOUT_RETURN_TYPE = YES_ERROR;
				GCC_WARN_UNDECLARED_SELECTOR = YES;
				GCC_WARN_UNINITIALIZED_AUTOS = YES_AGGRESSIVE;
				GCC_WARN_UNUSED_FUNCTION = YES;
				GCC_WARN_UNUSED_VARIABLE = YES;
				IPHONEOS_DEPLOYMENT_TARGET = 9.0;
				MTL_ENABLE_DEBUG_INFO = NO;
				SDKROOT = iphoneos;
				VALIDATE_PRODUCT = YES;
			};
			name = Release;
		};
		5240E89C1E0D113400938A0A /* Debug */ = {
			isa = XCBuildConfiguration;
			buildSettings = {
				ASSETCATALOG_COMPILER_APPICON_NAME = AppIcon;
				INFOPLIST_FILE = HellowWorld/Info.plist;
				LD_RUNPATH_SEARCH_PATHS = "$(inherited) @executable_path/Frameworks";
				PRODUCT_BUNDLE_IDENTIFIER = jp.techacademy.takaakitanaka.HellowWorld;
				PRODUCT_NAME = "$(TARGET_NAME)";
			};
			name = Debug;
		};
		5240E89D1E0D113400938A0A /* Release */ = {
			isa = XCBuildConfiguration;
			buildSettings = {
				ASSETCATALOG_COMPILER_APPICON_NAME = AppIcon;
				INFOPLIST_FILE = HellowWorld/Info.plist;
				LD_RUNPATH_SEARCH_PATHS = "$(inherited) @executable_path/Frameworks";
				PRODUCT_BUNDLE_IDENTIFIER = jp.techacademy.takaakitanaka.HellowWorld;
				PRODUCT_NAME = "$(TARGET_NAME)";
			};
			name = Release;
		};
/* End XCBuildConfiguration section */

/* Begin XCConfigurationList section */
		5240E8841E0D113400938A0A /* Build configuration list for PBXProject "HellowWorld" */ = {
			isa = XCConfigurationList;
			buildConfigurations = (
				5240E8991E0D113400938A0A /* Debug */,
				5240E89A1E0D113400938A0A /* Release */,
			);
			defaultConfigurationIsVisible = 0;
			defaultConfigurationName = Release;
		};
		5240E89B1E0D113400938A0A /* Build configuration list for PBXNativeTarget "HellowWorld" */ = {
			isa = XCConfigurationList;
			buildConfigurations = (
				5240E89C1E0D113400938A0A /* Debug */,
				5240E89D1E0D113400938A0A /* Release */,
			);
			defaultConfigurationIsVisible = 0;
		};
/* End XCConfigurationList section */
	};
	rootObject = 5240E8811E0D113400938A0A /* Project object */;
}
